
Microsoft Visual Studio Solution File, Format Version 12.00
Project("{FAE04EC0-301F-11D3-BF4B-00C04F79EFBC}") = "backend-api-transcricao", "backend-api-transcricao\backend-api-transcricao.csproj", "{27384B4E-1795-4E22-A8E5-DEE31BD02C8B}"
EndProject
Global
	GlobalSection(SolutionConfigurationPlatforms) = preSolution
		Debug|Any CPU = Debug|Any CPU
		Release|Any CPU = Release|Any CPU
	EndGlobalSection
	GlobalSection(ProjectConfigurationPlatforms) = postSolution
		{27384B4E-1795-4E22-A8E5-DEE31BD02C8B}.Debug|Any CPU.ActiveCfg = Debug|Any CPU
		{27384B4E-1795-4E22-A8E5-DEE31BD02C8B}.Debug|Any CPU.Build.0 = Debug|Any CPU
		{27384B4E-1795-4E22-A8E5-DEE31BD02C8B}.Release|Any CPU.ActiveCfg = Release|Any CPU
		{27384B4E-1795-4E22-A8E5-DEE31BD02C8B}.Release|Any CPU.Build.0 = Release|Any CPU
	EndGlobalSection
EndGlobal
